// !$*UTF8*$!
{
	archiveVersion = 1;
	classes = {
	};
	objectVersion = 56;
	objects = {

/* Begin PBXBuildFile section */
		D2D725532AB16E500012D54F /* AppDelegate.swift in Sources */ = {isa = PBXBuildFile; fileRef = D2D725522AB16E500012D54F /* AppDelegate.swift */; };
		D2D725552AB16E500012D54F /* SceneDelegate.swift in Sources */ = {isa = PBXBuildFile; fileRef = D2D725542AB16E500012D54F /* SceneDelegate.swift */; };
		D2D725572AB16E500012D54F /* ViewController.swift in Sources */ = {isa = PBXBuildFile; fileRef = D2D725562AB16E500012D54F /* ViewController.swift */; };
		D2D7255A2AB16E500012D54F /* Main.storyboard in Resources */ = {isa = PBXBuildFile; fileRef = D2D725582AB16E500012D54F /* Main.storyboard */; };
		D2D7255C2AB16E510012D54F /* Assets.xcassets in Resources */ = {isa = PBXBuildFile; fileRef = D2D7255B2AB16E510012D54F /* Assets.xcassets */; };
		D2D7255F2AB16E510012D54F /* LaunchScreen.storyboard in Resources */ = {isa = PBXBuildFile; fileRef = D2D7255D2AB16E510012D54F /* LaunchScreen.storyboard */; };
		D2D7256C2AB1727D0012D54F /* FHSTwitterEngine.m in Sources */ = {isa = PBXBuildFile; fileRef = D2D725692AB1727D0012D54F /* FHSTwitterEngine.m */; };
		D2D7256D2AB1727D0012D54F /* FHSStream.m in Sources */ = {isa = PBXBuildFile; fileRef = D2D7256B2AB1727D0012D54F /* FHSStream.m */; };
/* End PBXBuildFile section */

/* Begin PBXFileReference section */
		D2D7254F2AB16E500012D54F /* TwitterIntegration.app */ = {isa = PBXFileReference; explicitFileType = wrapper.application; includeInIndex = 0; path = TwitterIntegration.app; sourceTree = BUILT_PRODUCTS_DIR; };
		D2D725522AB16E500012D54F /* AppDelegate.swift */ = {isa = PBXFileReference; lastKnownFileType = sourcecode.swift; path = AppDelegate.swift; sourceTree = "<group>"; };
		D2D725542AB16E500012D54F /* SceneDelegate.swift */ = {isa = PBXFileReference; lastKnownFileType = sourcecode.swift; path = SceneDelegate.swift; sourceTree = "<group>"; };
		D2D725562AB16E500012D54F /* ViewController.swift */ = {isa = PBXFileReference; lastKnownFileType = sourcecode.swift; path = ViewController.swift; sourceTree = "<group>"; };
		D2D725592AB16E500012D54F /* Base */ = {isa = PBXFileReference; lastKnownFileType = file.storyboard; name = Base; path = Base.lproj/Main.storyboard; sourceTree = "<group>"; };
		D2D7255B2AB16E510012D54F /* Assets.xcassets */ = {isa = PBXFileReference; lastKnownFileType = folder.assetcatalog; path = Assets.xcassets; sourceTree = "<group>"; };
		D2D7255E2AB16E510012D54F /* Base */ = {isa = PBXFileReference; lastKnownFileType = file.storyboard; name = Base; path = Base.lproj/LaunchScreen.storyboard; sourceTree = "<group>"; };
		D2D725602AB16E510012D54F /* Info.plist */ = {isa = PBXFileReference; lastKnownFileType = text.plist.xml; path = Info.plist; sourceTree = "<group>"; };
		D2D725672AB1727C0012D54F /* TwitterIntegration-Bridging-Header.h */ = {isa = PBXFileReference; lastKnownFileType = sourcecode.c.h; path = "TwitterIntegration-Bridging-Header.h"; sourceTree = "<group>"; };
		D2D725682AB1727D0012D54F /* FHSStream.h */ = {isa = PBXFileReference; fileEncoding = 4; lastKnownFileType = sourcecode.c.h; path = FHSStream.h; sourceTree = "<group>"; };
		D2D725692AB1727D0012D54F /* FHSTwitterEngine.m */ = {isa = PBXFileReference; fileEncoding = 4; lastKnownFileType = sourcecode.c.objc; path = FHSTwitterEngine.m; sourceTree = "<group>"; };
		D2D7256A2AB1727D0012D54F /* FHSTwitterEngine.h */ = {isa = PBXFileReference; fileEncoding = 4; lastKnownFileType = sourcecode.c.h; path = FHSTwitterEngine.h; sourceTree = "<group>"; };
		D2D7256B2AB1727D0012D54F /* FHSStream.m */ = {isa = PBXFileReference; fileEncoding = 4; lastKnownFileType = sourcecode.c.objc; path = FHSStream.m; sourceTree = "<group>"; };
/* End PBXFileReference section */

/* Begin PBXFrameworksBuildPhase section */
		D2D7254C2AB16E500012D54F /* Frameworks */ = {
			isa = PBXFrameworksBuildPhase;
			buildActionMask = 2147483647;
			files = (
			);
			runOnlyForDeploymentPostprocessing = 0;
		};
/* End PBXFrameworksBuildPhase section */

/* Begin PBXGroup section */
		D2D725462AB16E500012D54F = {
			isa = PBXGroup;
			children = (
				D2D725512AB16E500012D54F /* TwitterIntegration */,
				D2D725502AB16E500012D54F /* Products */,
			);
			sourceTree = "<group>";
		};
		D2D725502AB16E500012D54F /* Products */ = {
			isa = PBXGroup;
			children = (
				D2D7254F2AB16E500012D54F /* TwitterIntegration.app */,
			);
			name = Products;
			sourceTree = "<group>";
		};
		D2D725512AB16E500012D54F /* TwitterIntegration */ = {
			isa = PBXGroup;
			children = (
				D2D725662AB171B10012D54F /* FHSTwitterEngine */,
				D2D725522AB16E500012D54F /* AppDelegate.swift */,
				D2D725542AB16E500012D54F /* SceneDelegate.swift */,
				D2D725562AB16E500012D54F /* ViewController.swift */,
				D2D725582AB16E500012D54F /* Main.storyboard */,
				D2D7255B2AB16E510012D54F /* Assets.xcassets */,
				D2D7255D2AB16E510012D54F /* LaunchScreen.storyboard */,
				D2D725602AB16E510012D54F /* Info.plist */,
			);
			path = TwitterIntegration;
			sourceTree = "<group>";
		};
		D2D725662AB171B10012D54F /* FHSTwitterEngine */ = {
			isa = PBXGroup;
			children = (
				D2D725682AB1727D0012D54F /* FHSStream.h */,
				D2D7256B2AB1727D0012D54F /* FHSStream.m */,
				D2D7256A2AB1727D0012D54F /* FHSTwitterEngine.h */,
				D2D725692AB1727D0012D54F /* FHSTwitterEngine.m */,
				D2D725672AB1727C0012D54F /* TwitterIntegration-Bridging-Header.h */,
			);
			path = FHSTwitterEngine;
			sourceTree = "<group>";
		};
/* End PBXGroup section */

/* Begin PBXNativeTarget section */
		D2D7254E2AB16E500012D54F /* TwitterIntegration */ = {
			isa = PBXNativeTarget;
			buildConfigurationList = D2D725632AB16E510012D54F /* Build configuration list for PBXNativeTarget "TwitterIntegration" */;
			buildPhases = (
				D2D7254B2AB16E500012D54F /* Sources */,
				D2D7254C2AB16E500012D54F /* Frameworks */,
				D2D7254D2AB16E500012D54F /* Resources */,
			);
			buildRules = (
			);
			dependencies = (
			);
			name = TwitterIntegration;
			productName = TwitterIntegration;
			productReference = D2D7254F2AB16E500012D54F /* TwitterIntegration.app */;
			productType = "com.apple.product-type.application";
		};
/* End PBXNativeTarget section */

/* Begin PBXProject section */
		D2D725472AB16E500012D54F /* Project object */ = {
			isa = PBXProject;
			attributes = {
				BuildIndependentTargetsInParallel = 1;
				LastSwiftUpdateCheck = 1430;
				LastUpgradeCheck = 1430;
				TargetAttributes = {
					D2D7254E2AB16E500012D54F = {
						CreatedOnToolsVersion = 14.3.1;
						LastSwiftMigration = 1430;
					};
				};
			};
			buildConfigurationList = D2D7254A2AB16E500012D54F /* Build configuration list for PBXProject "TwitterIntegration" */;
			compatibilityVersion = "Xcode 14.0";
			developmentRegion = en;
			hasScannedForEncodings = 0;
			knownRegions = (
				en,
				Base,
			);
			mainGroup = D2D725462AB16E500012D54F;
			productRefGroup = D2D725502AB16E500012D54F /* Products */;
			projectDirPath = "";
			projectRoot = "";
			targets = (
				D2D7254E2AB16E500012D54F /* TwitterIntegration */,
			);
		};
/* End PBXProject section */

/* Begin PBXResourcesBuildPhase section */
		D2D7254D2AB16E500012D54F /* Resources */ = {
			isa = PBXResourcesBuildPhase;
			buildActionMask = 2147483647;
			files = (
				D2D7255F2AB16E510012D54F /* LaunchScreen.storyboard in Resources */,
				D2D7255C2AB16E510012D54F /* Assets.xcassets in Resources */,
				D2D7255A2AB16E500012D54F /* Main.storyboard in Resources */,
			);
			runOnlyForDeploymentPostprocessing = 0;
		};
/* End PBXResourcesBuildPhase section */

/* Begin PBXSourcesBuildPhase section */
		D2D7254B2AB16E500012D54F /* Sources */ = {
			isa = PBXSourcesBuildPhase;
			buildActionMask = 2147483647;
			files = (
				D2D725572AB16E500012D54F /* ViewController.swift in Sources */,
				D2D725532AB16E500012D54F /* AppDelegate.swift in Sources */,
				D2D7256D2AB1727D0012D54F /* FHSStream.m in Sources */,
				D2D725552AB16E500012D54F /* SceneDelegate.swift in Sources */,
				D2D7256C2AB1727D0012D54F /* FHSTwitterEngine.m in Sources */,
			);
			runOnlyForDeploymentPostprocessing = 0;
		};
/* End PBXSourcesBuildPhase section */

/* Begin PBXVariantGroup section */
		D2D725582AB16E500012D54F /* Main.storyboard */ = {
			isa = PBXVariantGroup;
			children = (
				D2D725592AB16E500012D54F /* Base */,
			);
			name = Main.storyboard;
			sourceTree = "<group>";
		};
		D2D7255D2AB16E510012D54F /* LaunchScreen.storyboard */ = {
			isa = PBXVariantGroup;
			children = (
				D2D7255E2AB16E510012D54F /* Base */,
			);
			name = LaunchScreen.storyboard;
			sourceTree = "<group>";
		};
/* End PBXVariantGroup section */

/* Begin XCBuildConfiguration section */
		D2D725612AB16E510012D54F /* Debug */ = {
			isa = XCBuildConfiguration;
			buildSettings = {
				ALWAYS_SEARCH_USER_PATHS = NO;
				CLANG_ANALYZER_NONNULL = YES;
				CLANG_ANALYZER_NUMBER_OBJECT_CONVERSION = YES_AGGRESSIVE;
				CLANG_CXX_LANGUAGE_STANDARD = "gnu++20";
				CLANG_ENABLE_MODULES = YES;
				CLANG_ENABLE_OBJC_ARC = YES;
				CLANG_ENABLE_OBJC_WEAK = YES;
				CLANG_WARN_BLOCK_CAPTURE_AUTORELEASING = YES;
				CLANG_WARN_BOOL_CONVERSION = YES;
				CLANG_WARN_COMMA = YES;
				CLANG_WARN_CONSTANT_CONVERSION = YES;
				CLANG_WARN_DEPRECATED_OBJC_IMPLEMENTATIONS = YES;
				CLANG_WARN_DIRECT_OBJC_ISA_USAGE = YES_ERROR;
				CLANG_WARN_DOCUMENTATION_COMMENTS = YES;
				CLANG_WARN_EMPTY_BODY = YES;
				CLANG_WARN_ENUM_CONVERSION = YES;
				CLANG_WARN_INFINITE_RECURSION = YES;
				CLANG_WARN_INT_CONVERSION = YES;
				CLANG_WARN_NON_LITERAL_NULL_CONVERSION = YES;
				CLANG_WARN_OBJC_IMPLICIT_RETAIN_SELF = YES;
				CLANG_WARN_OBJC_LITERAL_CONVERSION = YES;
				CLANG_WARN_OBJC_ROOT_CLASS = YES_ERROR;
				CLANG_WARN_QUOTED_INCLUDE_IN_FRAMEWORK_HEADER = YES;
				CLANG_WARN_RANGE_LOOP_ANALYSIS = YES;
				CLANG_WARN_STRICT_PROTOTYPES = YES;
				CLANG_WARN_SUSPICIOUS_MOVE = YES;
				CLANG_WARN_UNGUARDED_AVAILABILITY = YES_AGGRESSIVE;
				CLANG_WARN_UNREACHABLE_CODE = YES;
				CLANG_WARN__DUPLICATE_METHOD_MATCH = YES;
				COPY_PHASE_STRIP = NO;
				DEBUG_INFORMATION_FORMAT = dwarf;
				ENABLE_STRICT_OBJC_MSGSEND = YES;
				ENABLE_TESTABILITY = YES;
				GCC_C_LANGUAGE_STANDARD = gnu11;
				GCC_DYNAMIC_NO_PIC = NO;
				GCC_NO_COMMON_BLOCKS = YES;
				GCC_OPTIMIZATION_LEVEL = 0;
				GCC_PREPROCESSOR_DEFINITIONS = (
					"DEBUG=1",
					"$(inherited)",
				);
				GCC_WARN_64_TO_32_BIT_CONVERSION = YES;
				GCC_WARN_ABOUT_RETURN_TYPE = YES_ERROR;
				GCC_WARN_UNDECLARED_SELECTOR = YES;
				GCC_WARN_UNINITIALIZED_AUTOS = YES_AGGRESSIVE;
				GCC_WARN_UNUSED_FUNCTION = YES;
				GCC_WARN_UNUSED_VARIABLE = YES;
				IPHONEOS_DEPLOYMENT_TARGET = 16.4;
				MTL_ENABLE_DEBUG_INFO = INCLUDE_SOURCE;
				MTL_FAST_MATH = YES;
				ONLY_ACTIVE_ARCH = YES;
				SDKROOT = iphoneos;
				SWIFT_ACTIVE_COMPILATION_CONDITIONS = DEBUG;
				SWIFT_OPTIMIZATION_LEVEL = "-Onone";
			};
			name = Debug;
		};
		D2D725622AB16E510012D54F /* Release */ = {
			isa = XCBuildConfiguration;
			buildSettings = {
				ALWAYS_SEARCH_USER_PATHS = NO;
				CLANG_ANALYZER_NONNULL = YES;
				CLANG_ANALYZER_NUMBER_OBJECT_CONVERSION = YES_AGGRESSIVE;
				CLANG_CXX_LANGUAGE_STANDARD = "gnu++20";
				CLANG_ENABLE_MODULES = YES;
				CLANG_ENABLE_OBJC_ARC = YES;
				CLANG_ENABLE_OBJC_WEAK = YES;
				CLANG_WARN_BLOCK_CAPTURE_AUTORELEASING = YES;
				CLANG_WARN_BOOL_CONVERSION = YES;
				CLANG_WARN_COMMA = YES;
				CLANG_WARN_CONSTANT_CONVERSION = YES;
				CLANG_WARN_DEPRECATED_OBJC_IMPLEMENTATIONS = YES;
				CLANG_WARN_DIRECT_OBJC_ISA_USAGE = YES_ERROR;
				CLANG_WARN_DOCUMENTATION_COMMENTS = YES;
				CLANG_WARN_EMPTY_BODY = YES;
				CLANG_WARN_ENUM_CONVERSION = YES;
				CLANG_WARN_INFINITE_RECURSION = YES;
				CLANG_WARN_INT_CONVERSION = YES;
				CLANG_WARN_NON_LITERAL_NULL_CONVERSION = YES;
				CLANG_WARN_OBJC_IMPLICIT_RETAIN_SELF = YES;
				CLANG_WARN_OBJC_LITERAL_CONVERSION = YES;
				CLANG_WARN_OBJC_ROOT_CLASS = YES_ERROR;
				CLANG_WARN_QUOTED_INCLUDE_IN_FRAMEWORK_HEADER = YES;
				CLANG_WARN_RANGE_LOOP_ANALYSIS = YES;
				CLANG_WARN_STRICT_PROTOTYPES = YES;
				CLANG_WARN_SUSPICIOUS_MOVE = YES;
				CLANG_WARN_UNGUARDED_AVAILABILITY = YES_AGGRESSIVE;
				CLANG_WARN_UNREACHABLE_CODE = YES;
				CLANG_WARN__DUPLICATE_METHOD_MATCH = YES;
				COPY_PHASE_STRIP = NO;
				DEBUG_INFORMATION_FORMAT = "dwarf-with-dsym";
				ENABLE_NS_ASSERTIONS = NO;
				ENABLE_STRICT_OBJC_MSGSEND = YES;
				GCC_C_LANGUAGE_STANDARD = gnu11;
				GCC_NO_COMMON_BLOCKS = YES;
				GCC_WARN_64_TO_32_BIT_CONVERSION = YES;
				GCC_WARN_ABOUT_RETURN_TYPE = YES_ERROR;
				GCC_WARN_UNDECLARED_SELECTOR = YES;
				GCC_WARN_UNINITIALIZED_AUTOS = YES_AGGRESSIVE;
				GCC_WARN_UNUSED_FUNCTION = YES;
				GCC_WARN_UNUSED_VARIABLE = YES;
				IPHONEOS_DEPLOYMENT_TARGET = 16.4;
				MTL_ENABLE_DEBUG_INFO = NO;
				MTL_FAST_MATH = YES;
				SDKROOT = iphoneos;
				SWIFT_COMPILATION_MODE = wholemodule;
				SWIFT_OPTIMIZATION_LEVEL = "-O";
				VALIDATE_PRODUCT = YES;
			};
			name = Release;
		};
		D2D725642AB16E510012D54F /* Debug */ = {
			isa = XCBuildConfiguration;
			buildSettings = {
				ASSETCATALOG_COMPILER_APPICON_NAME = AppIcon;
				ASSETCATALOG_COMPILER_GLOBAL_ACCENT_COLOR_NAME = AccentColor;
				CLANG_ENABLE_MODULES = YES;
				CODE_SIGN_STYLE = Automatic;
				CURRENT_PROJECT_VERSION = 1;
				DEVELOPMENT_TEAM = 9P2DNH3C2B;
				GENERATE_INFOPLIST_FILE = YES;
				INFOPLIST_FILE = TwitterIntegration/Info.plist;
				INFOPLIST_KEY_UIApplicationSupportsIndirectInputEvents = YES;
				INFOPLIST_KEY_UILaunchStoryboardName = LaunchScreen;
				INFOPLIST_KEY_UIMainStoryboardFile = Main;
				INFOPLIST_KEY_UISupportedInterfaceOrientations_iPad = "UIInterfaceOrientationPortrait UIInterfaceOrientationPortraitUpsideDown UIInterfaceOrientationLandscapeLeft UIInterfaceOrientationLandscapeRight";
				INFOPLIST_KEY_UISupportedInterfaceOrientations_iPhone = "UIInterfaceOrientationPortrait UIInterfaceOrientationLandscapeLeft UIInterfaceOrientationLandscapeRight";
				LD_RUNPATH_SEARCH_PATHS = (
					"$(inherited)",
					"@executable_path/Frameworks",
				);
				MARKETING_VERSION = 1.0;
				PRODUCT_BUNDLE_IDENTIFIER = me.singh.adarsh.TwitterIntegration;
				PRODUCT_NAME = "$(TARGET_NAME)";
				SWIFT_EMIT_LOC_STRINGS = YES;
				SWIFT_OBJC_BRIDGING_HEADER = "TwitterIntegration/FHSTwitterEngine/TwitterIntegration-Bridging-Header.h";
				SWIFT_OPTIMIZATION_LEVEL = "-Onone";
				SWIFT_VERSION = 5.0;
				TARGETED_DEVICE_FAMILY = "1,2";
			};
			name = Debug;
		};
		D2D725652AB16E510012D54F /* Release */ = {
			isa = XCBuildConfiguration;
			buildSettings = {
				ASSETCATALOG_COMPILER_APPICON_NAME = AppIcon;
				ASSETCATALOG_COMPILER_GLOBAL_ACCENT_COLOR_NAME = AccentColor;
				CLANG_ENABLE_MODULES = YES;
				CODE_SIGN_STYLE = Automatic;
				CURRENT_PROJECT_VERSION = 1;
				DEVELOPMENT_TEAM = 9P2DNH3C2B;
				GENERATE_INFOPLIST_FILE = YES;
				INFOPLIST_FILE = TwitterIntegration/Info.plist;
				INFOPLIST_KEY_UIApplicationSupportsIndirectInputEvents = YES;
				INFOPLIST_KEY_UILaunchStoryboardName = LaunchScreen;
				INFOPLIST_KEY_UIMainStoryboardFile = Main;
				INFOPLIST_KEY_UISupportedInterfaceOrientations_iPad = "UIInterfaceOrientationPortrait UIInterfaceOrientationPortraitUpsideDown UIInterfaceOrientationLandscapeLeft UIInterfaceOrientationLandscapeRight";
				INFOPLIST_KEY_UISupportedInterfaceOrientations_iPhone = "UIInterfaceOrientationPortrait UIInterfaceOrientationLandscapeLeft UIInterfaceOrientationLandscapeRight";
				LD_RUNPATH_SEARCH_PATHS = (
					"$(inherited)",
					"@executable_path/Frameworks",
				);
				MARKETING_VERSION = 1.0;
				PRODUCT_BUNDLE_IDENTIFIER = me.singh.adarsh.TwitterIntegration;
				PRODUCT_NAME = "$(TARGET_NAME)";
				SWIFT_EMIT_LOC_STRINGS = YES;
				SWIFT_OBJC_BRIDGING_HEADER = "TwitterIntegration/FHSTwitterEngine/TwitterIntegration-Bridging-Header.h";
				SWIFT_VERSION = 5.0;
				TARGETED_DEVICE_FAMILY = "1,2";
			};
			name = Release;
		};
/* End XCBuildConfiguration section */

/* Begin XCConfigurationList section */
		D2D7254A2AB16E500012D54F /* Build configuration list for PBXProject "TwitterIntegration" */ = {
			isa = XCConfigurationList;
			buildConfigurations = (
				D2D725612AB16E510012D54F /* Debug */,
				D2D725622AB16E510012D54F /* Release */,
			);
			defaultConfigurationIsVisible = 0;
			defaultConfigurationName = Release;
		};
		D2D725632AB16E510012D54F /* Build configuration list for PBXNativeTarget "TwitterIntegration" */ = {
			isa = XCConfigurationList;
			buildConfigurations = (
				D2D725642AB16E510012D54F /* Debug */,
				D2D725652AB16E510012D54F /* Release */,
			);
			defaultConfigurationIsVisible = 0;
			defaultConfigurationName = Release;
		};
/* End XCConfigurationList section */
	};
	rootObject = D2D725472AB16E500012D54F /* Project object */;
}
